// !$*UTF8*$!
{
	archiveVersion = 1;
	classes = {
	};
	objectVersion = 46;
	objects = {

/* Begin PBXBuildFile section */
		3755656A19B079E800C67678 /* AppDelegate.swift in Sources */ = {isa = PBXBuildFile; fileRef = 3755656919B079E800C67678 /* AppDelegate.swift */; };
		3755656C19B079E800C67678 /* ViewController.swift in Sources */ = {isa = PBXBuildFile; fileRef = 3755656B19B079E800C67678 /* ViewController.swift */; };
		3755656F19B079E800C67678 /* Main.storyboard in Resources */ = {isa = PBXBuildFile; fileRef = 3755656D19B079E800C67678 /* Main.storyboard */; };
		3755657119B079E800C67678 /* Images.xcassets in Resources */ = {isa = PBXBuildFile; fileRef = 3755657019B079E800C67678 /* Images.xcassets */; };
		3755657D19B079E800C67678 /* RedditReaderTests.swift in Sources */ = {isa = PBXBuildFile; fileRef = 3755657C19B079E800C67678 /* RedditReaderTests.swift */; };
/* End PBXBuildFile section */

/* Begin PBXContainerItemProxy section */
		3755657719B079E800C67678 /* PBXContainerItemProxy */ = {
			isa = PBXContainerItemProxy;
			containerPortal = 3755655C19B079E700C67678 /* Project object */;
			proxyType = 1;
			remoteGlobalIDString = 3755656319B079E700C67678;
			remoteInfo = RedditReader;
		};
/* End PBXContainerItemProxy section */

/* Begin PBXFileReference section */
		3755656419B079E800C67678 /* RedditReader.app */ = {isa = PBXFileReference; explicitFileType = wrapper.application; includeInIndex = 0; path = RedditReader.app; sourceTree = BUILT_PRODUCTS_DIR; };
		3755656819B079E800C67678 /* Info.plist */ = {isa = PBXFileReference; lastKnownFileType = text.plist.xml; path = Info.plist; sourceTree = "<group>"; };
		3755656919B079E800C67678 /* AppDelegate.swift */ = {isa = PBXFileReference; lastKnownFileType = sourcecode.swift; path = AppDelegate.swift; sourceTree = "<group>"; };
		3755656B19B079E800C67678 /* ViewController.swift */ = {isa = PBXFileReference; lastKnownFileType = sourcecode.swift; path = ViewController.swift; sourceTree = "<group>"; };
		3755656E19B079E800C67678 /* Base */ = {isa = PBXFileReference; lastKnownFileType = file.storyboard; name = Base; path = Base.lproj/Main.storyboard; sourceTree = "<group>"; };
		3755657019B079E800C67678 /* Images.xcassets */ = {isa = PBXFileReference; lastKnownFileType = folder.assetcatalog; path = Images.xcassets; sourceTree = "<group>"; };
		3755657619B079E800C67678 /* RedditReaderTests.xctest */ = {isa = PBXFileReference; explicitFileType = wrapper.cfbundle; includeInIndex = 0; path = RedditReaderTests.xctest; sourceTree = BUILT_PRODUCTS_DIR; };
		3755657B19B079E800C67678 /* Info.plist */ = {isa = PBXFileReference; lastKnownFileType = text.plist.xml; path = Info.plist; sourceTree = "<group>"; };
		3755657C19B079E800C67678 /* RedditReaderTests.swift */ = {isa = PBXFileReference; lastKnownFileType = sourcecode.swift; path = RedditReaderTests.swift; sourceTree = "<group>"; };
/* End PBXFileReference section */

/* Begin PBXFrameworksBuildPhase section */
		3755656119B079E700C67678 /* Frameworks */ = {
			isa = PBXFrameworksBuildPhase;
			buildActionMask = 2147483647;
			files = (
			);
			runOnlyForDeploymentPostprocessing = 0;
		};
		3755657319B079E800C67678 /* Frameworks */ = {
			isa = PBXFrameworksBuildPhase;
			buildActionMask = 2147483647;
			files = (
			);
			runOnlyForDeploymentPostprocessing = 0;
		};
/* End PBXFrameworksBuildPhase section */

/* Begin PBXGroup section */
		3755655B19B079E700C67678 = {
			isa = PBXGroup;
			children = (
				3755656619B079E800C67678 /* RedditReader */,
				3755657919B079E800C67678 /* RedditReaderTests */,
				3755656519B079E800C67678 /* Products */,
			);
			sourceTree = "<group>";
		};
		3755656519B079E800C67678 /* Products */ = {
			isa = PBXGroup;
			children = (
				3755656419B079E800C67678 /* RedditReader.app */,
				3755657619B079E800C67678 /* RedditReaderTests.xctest */,
			);
			name = Products;
			sourceTree = "<group>";
		};
		3755656619B079E800C67678 /* RedditReader */ = {
			isa = PBXGroup;
			children = (
				3755656919B079E800C67678 /* AppDelegate.swift */,
				3755656B19B079E800C67678 /* ViewController.swift */,
				3755656D19B079E800C67678 /* Main.storyboard */,
				3755657019B079E800C67678 /* Images.xcassets */,
				3755656719B079E800C67678 /* Supporting Files */,
			);
			path = RedditReader;
			sourceTree = "<group>";
		};
		3755656719B079E800C67678 /* Supporting Files */ = {
			isa = PBXGroup;
			children = (
				3755656819B079E800C67678 /* Info.plist */,
			);
			name = "Supporting Files";
			sourceTree = "<group>";
		};
		3755657919B079E800C67678 /* RedditReaderTests */ = {
			isa = PBXGroup;
			children = (
				3755657C19B079E800C67678 /* RedditReaderTests.swift */,
				3755657A19B079E800C67678 /* Supporting Files */,
			);
			path = RedditReaderTests;
			sourceTree = "<group>";
		};
		3755657A19B079E800C67678 /* Supporting Files */ = {
			isa = PBXGroup;
			children = (
				3755657B19B079E800C67678 /* Info.plist */,
			);
			name = "Supporting Files";
			sourceTree = "<group>";
		};
/* End PBXGroup section */

/* Begin PBXNativeTarget section */
		3755656319B079E700C67678 /* RedditReader */ = {
			isa = PBXNativeTarget;
			buildConfigurationList = 3755658019B079E800C67678 /* Build configuration list for PBXNativeTarget "RedditReader" */;
			buildPhases = (
				3755656019B079E700C67678 /* Sources */,
				3755656119B079E700C67678 /* Frameworks */,
				3755656219B079E700C67678 /* Resources */,
			);
			buildRules = (
			);
			dependencies = (
			);
			name = RedditReader;
			productName = RedditReader;
			productReference = 3755656419B079E800C67678 /* RedditReader.app */;
			productType = "com.apple.product-type.application";
		};
		3755657519B079E800C67678 /* RedditReaderTests */ = {
			isa = PBXNativeTarget;
			buildConfigurationList = 3755658319B079E800C67678 /* Build configuration list for PBXNativeTarget "RedditReaderTests" */;
			buildPhases = (
				3755657219B079E800C67678 /* Sources */,
				3755657319B079E800C67678 /* Frameworks */,
				3755657419B079E800C67678 /* Resources */,
			);
			buildRules = (
			);
			dependencies = (
				3755657819B079E800C67678 /* PBXTargetDependency */,
			);
			name = RedditReaderTests;
			productName = RedditReaderTests;
			productReference = 3755657619B079E800C67678 /* RedditReaderTests.xctest */;
			productType = "com.apple.product-type.bundle.unit-test";
		};
/* End PBXNativeTarget section */

/* Begin PBXProject section */
		3755655C19B079E700C67678 /* Project object */ = {
			isa = PBXProject;
			attributes = {
				LastUpgradeCheck = 0600;
				ORGANIZATIONNAME = "Nicolas Besnard";
				TargetAttributes = {
					3755656319B079E700C67678 = {
						CreatedOnToolsVersion = 6.0;
					};
					3755657519B079E800C67678 = {
						CreatedOnToolsVersion = 6.0;
						TestTargetID = 3755656319B079E700C67678;
					};
				};
			};
			buildConfigurationList = 3755655F19B079E700C67678 /* Build configuration list for PBXProject "RedditReader" */;
			compatibilityVersion = "Xcode 3.2";
			developmentRegion = English;
			hasScannedForEncodings = 0;
			knownRegions = (
				en,
				Base,
			);
			mainGroup = 3755655B19B079E700C67678;
			productRefGroup = 3755656519B079E800C67678 /* Products */;
			projectDirPath = "";
			projectRoot = "";
			targets = (
				3755656319B079E700C67678 /* RedditReader */,
				3755657519B079E800C67678 /* RedditReaderTests */,
			);
		};
/* End PBXProject section */

/* Begin PBXResourcesBuildPhase section */
		3755656219B079E700C67678 /* Resources */ = {
			isa = PBXResourcesBuildPhase;
			buildActionMask = 2147483647;
			files = (
				3755656F19B079E800C67678 /* Main.storyboard in Resources */,
				3755657119B079E800C67678 /* Images.xcassets in Resources */,
			);
			runOnlyForDeploymentPostprocessing = 0;
		};
		3755657419B079E800C67678 /* Resources */ = {
			isa = PBXResourcesBuildPhase;
			buildActionMask = 2147483647;
			files = (
			);
			runOnlyForDeploymentPostprocessing = 0;
		};
/* End PBXResourcesBuildPhase section */

/* Begin PBXSourcesBuildPhase section */
		3755656019B079E700C67678 /* Sources */ = {
			isa = PBXSourcesBuildPhase;
			buildActionMask = 2147483647;
			files = (
				3755656C19B079E800C67678 /* ViewController.swift in Sources */,
				3755656A19B079E800C67678 /* AppDelegate.swift in Sources */,
			);
			runOnlyForDeploymentPostprocessing = 0;
		};
		3755657219B079E800C67678 /* Sources */ = {
			isa = PBXSourcesBuildPhase;
			buildActionMask = 2147483647;
			files = (
				3755657D19B079E800C67678 /* RedditReaderTests.swift in Sources */,
			);
			runOnlyForDeploymentPostprocessing = 0;
		};
/* End PBXSourcesBuildPhase section */

/* Begin PBXTargetDependency section */
		3755657819B079E800C67678 /* PBXTargetDependency */ = {
			isa = PBXTargetDependency;
			target = 3755656319B079E700C67678 /* RedditReader */;
			targetProxy = 3755657719B079E800C67678 /* PBXContainerItemProxy */;
		};
/* End PBXTargetDependency section */

/* Begin PBXVariantGroup section */
		3755656D19B079E800C67678 /* Main.storyboard */ = {
			isa = PBXVariantGroup;
			children = (
				3755656E19B079E800C67678 /* Base */,
			);
			name = Main.storyboard;
			sourceTree = "<group>";
		};
/* End PBXVariantGroup section */

/* Begin XCBuildConfiguration section */
		3755657E19B079E800C67678 /* Debug */ = {
			isa = XCBuildConfiguration;
			buildSettings = {
				ALWAYS_SEARCH_USER_PATHS = NO;
				CLANG_CXX_LANGUAGE_STANDARD = "gnu++0x";
				CLANG_CXX_LIBRARY = "libc++";
				CLANG_ENABLE_MODULES = YES;
				CLANG_ENABLE_OBJC_ARC = YES;
				CLANG_WARN_BOOL_CONVERSION = YES;
				CLANG_WARN_CONSTANT_CONVERSION = YES;
				CLANG_WARN_DIRECT_OBJC_ISA_USAGE = YES_ERROR;
				CLANG_WARN_EMPTY_BODY = YES;
				CLANG_WARN_ENUM_CONVERSION = YES;
				CLANG_WARN_INT_CONVERSION = YES;
				CLANG_WARN_OBJC_ROOT_CLASS = YES_ERROR;
				CLANG_WARN_UNREACHABLE_CODE = YES;
				CLANG_WARN__DUPLICATE_METHOD_MATCH = YES;
				"CODE_SIGN_IDENTITY[sdk=iphoneos*]" = "iPhone Developer";
				COPY_PHASE_STRIP = NO;
				ENABLE_STRICT_OBJC_MSGSEND = YES;
				GCC_C_LANGUAGE_STANDARD = gnu99;
				GCC_DYNAMIC_NO_PIC = NO;
				GCC_OPTIMIZATION_LEVEL = 0;
				GCC_PREPROCESSOR_DEFINITIONS = (
					"DEBUG=1",
					"$(inherited)",
				);
				GCC_SYMBOLS_PRIVATE_EXTERN = NO;
				GCC_WARN_64_TO_32_BIT_CONVERSION = YES;
				GCC_WARN_ABOUT_RETURN_TYPE = YES_ERROR;
				GCC_WARN_UNDECLARED_SELECTOR = YES;
				GCC_WARN_UNINITIALIZED_AUTOS = YES_AGGRESSIVE;
				GCC_WARN_UNUSED_FUNCTION = YES;
				GCC_WARN_UNUSED_VARIABLE = YES;
				IPHONEOS_DEPLOYMENT_TARGET = 8.0;
				MTL_ENABLE_DEBUG_INFO = YES;
				ONLY_ACTIVE_ARCH = YES;
				SDKROOT = iphoneos;
				SWIFT_OPTIMIZATION_LEVEL = "-Onone";
			};
			name = Debug;
		};
		3755657F19B079E800C67678 /* Release */ = {
			isa = XCBuildConfiguration;
			buildSettings = {
				ALWAYS_SEARCH_USER_PATHS = NO;
				CLANG_CXX_LANGUAGE_STANDARD = "gnu++0x";
				CLANG_CXX_LIBRARY = "libc++";
				CLANG_ENABLE_MODULES = YES;
				CLANG_ENABLE_OBJC_ARC = YES;
				CLANG_WARN_BOOL_CONVERSION = YES;
				CLANG_WARN_CONSTANT_CONVERSION = YES;
				CLANG_WARN_DIRECT_OBJC_ISA_USAGE = YES_ERROR;
				CLANG_WARN_EMPTY_BODY = YES;
				CLANG_WARN_ENUM_CONVERSION = YES;
				CLANG_WARN_INT_CONVERSION = YES;
				CLANG_WARN_OBJC_ROOT_CLASS = YES_ERROR;
				CLANG_WARN_UNREACHABLE_CODE = YES;
				CLANG_WARN__DUPLICATE_METHOD_MATCH = YES;
				"CODE_SIGN_IDENTITY[sdk=iphoneos*]" = "iPhone Developer";
				COPY_PHASE_STRIP = YES;
				ENABLE_NS_ASSERTIONS = NO;
				ENABLE_STRICT_OBJC_MSGSEND = YES;
				GCC_C_LANGUAGE_STANDARD = gnu99;
				GCC_WARN_64_TO_32_BIT_CONVERSION = YES;
				GCC_WARN_ABOUT_RETURN_TYPE = YES_ERROR;
				GCC_WARN_UNDECLARED_SELECTOR = YES;
				GCC_WARN_UNINITIALIZED_AUTOS = YES_AGGRESSIVE;
				GCC_WARN_UNUSED_FUNCTION = YES;
				GCC_WARN_UNUSED_VARIABLE = YES;
				IPHONEOS_DEPLOYMENT_TARGET = 8.0;
				MTL_ENABLE_DEBUG_INFO = NO;
				SDKROOT = iphoneos;
				VALIDATE_PRODUCT = YES;
			};
			name = Release;
		};
		3755658119B079E800C67678 /* Debug */ = {
			isa = XCBuildConfiguration;
			buildSettings = {
				ASSETCATALOG_COMPILER_APPICON_NAME = AppIcon;
				ASSETCATALOG_COMPILER_LAUNCHIMAGE_NAME = LaunchImage;
				INFOPLIST_FILE = RedditReader/Info.plist;
				LD_RUNPATH_SEARCH_PATHS = "$(inherited) @executable_path/Frameworks";
				PRODUCT_NAME = "$(TARGET_NAME)";
			};
			name = Debug;
		};
		3755658219B079E800C67678 /* Release */ = {
			isa = XCBuildConfiguration;
			buildSettings = {
				ASSETCATALOG_COMPILER_APPICON_NAME = AppIcon;
				ASSETCATALOG_COMPILER_LAUNCHIMAGE_NAME = LaunchImage;
				INFOPLIST_FILE = RedditReader/Info.plist;
				LD_RUNPATH_SEARCH_PATHS = "$(inherited) @executable_path/Frameworks";
				PRODUCT_NAME = "$(TARGET_NAME)";
			};
			name = Release;
		};
		3755658419B079E800C67678 /* Debug */ = {
			isa = XCBuildConfiguration;
			buildSettings = {
				BUNDLE_LOADER = "$(TEST_HOST)";
				FRAMEWORK_SEARCH_PATHS = (
					"$(SDKROOT)/Developer/Library/Frameworks",
					"$(inherited)",
				);
				GCC_PREPROCESSOR_DEFINITIONS = (
					"DEBUG=1",
					"$(inherited)",
				);
				INFOPLIST_FILE = RedditReaderTests/Info.plist;
				LD_RUNPATH_SEARCH_PATHS = "$(inherited) @executable_path/Frameworks @loader_path/Frameworks";
				PRODUCT_NAME = "$(TARGET_NAME)";
				TEST_HOST = "$(BUILT_PRODUCTS_DIR)/RedditReader.app/RedditReader";
			};
			name = Debug;
		};
		3755658519B079E800C67678 /* Release */ = {
			isa = XCBuildConfiguration;
			buildSettings = {
				BUNDLE_LOADER = "$(TEST_HOST)";
				FRAMEWORK_SEARCH_PATHS = (
					"$(SDKROOT)/Developer/Library/Frameworks",
					"$(inherited)",
				);
				INFOPLIST_FILE = RedditReaderTests/Info.plist;
				LD_RUNPATH_SEARCH_PATHS = "$(inherited) @executable_path/Frameworks @loader_path/Frameworks";
				PRODUCT_NAME = "$(TARGET_NAME)";
				TEST_HOST = "$(BUILT_PRODUCTS_DIR)/RedditReader.app/RedditReader";
			};
			name = Release;
		};
/* End XCBuildConfiguration section */

/* Begin XCConfigurationList section */
		3755655F19B079E700C67678 /* Build configuration list for PBXProject "RedditReader" */ = {
			isa = XCConfigurationList;
			buildConfigurations = (
				3755657E19B079E800C67678 /* Debug */,
				3755657F19B079E800C67678 /* Release */,
			);
			defaultConfigurationIsVisible = 0;
			defaultConfigurationName = Release;
		};
		3755658019B079E800C67678 /* Build configuration list for PBXNativeTarget "RedditReader" */ = {
			isa = XCConfigurationList;
			buildConfigurations = (
				3755658119B079E800C67678 /* Debug */,
				3755658219B079E800C67678 /* Release */,
			);
			defaultConfigurationIsVisible = 0;
		};
		3755658319B079E800C67678 /* Build configuration list for PBXNativeTarget "RedditReaderTests" */ = {
			isa = XCConfigurationList;
			buildConfigurations = (
				3755658419B079E800C67678 /* Debug */,
				3755658519B079E800C67678 /* Release */,
			);
			defaultConfigurationIsVisible = 0;
		};
/* End XCConfigurationList section */
	};
	rootObject = 3755655C19B079E700C67678 /* Project object */;
}
