PODS:
  - AFNetworking (2.4.1):
    - AFNetworking/NSURLConnection
    - AFNetworking/NSURLSession
    - AFNetworking/Reachability
    - AFNetworking/Security
    - AFNetworking/Serialization
    - AFNetworking/UIKit
  - AFNetworking/NSURLConnection (2.4.1):
    - AFNetworking/Reachability
    - AFNetworking/Security
    - AFNetworking/Serialization
  - AFNetworking/NSURLSession (2.4.1):
    - AFNetworking/Reachability
    - AFNetworking/Security
    - AFNetworking/Serialization
  - AFNetworking/Reachability (2.4.1)
  - AFNetworking/Security (2.4.1)
  - AFNetworking/Serialization (2.4.1)
  - AFNetworking/UIKit (2.4.1):
    - AFNetworking/NSURLConnection
    - AFNetworking/NSURLSession
  - DateTools (1.4.2)
  - MMMarkdown (0.3)
  - SVPullToRefresh (0.4.1)
  - youtube-ios-player-helper (0.1.1)

DEPENDENCIES:
  - AFNetworking (~> 2.0)
  - DateTools
  - MMMarkdown
  - SVPullToRefresh
  - youtube-ios-player-helper (~> 0.1.1)

SPEC CHECKSUMS:
  AFNetworking: 0aabc6fae66d6e5d039eeb21c315843c7aae51ab
  DateTools: 1d8f720ef48e0f229565509639dc31d48e99851b
  MMMarkdown: 95af8920c647512d1efa2ac8ac1932baf3266e2c
  SVPullToRefresh: d5161ebc833a38b465364412e5e307ca80bbb190
  youtube-ios-player-helper: 53aecd0b4763a77e6890e9a7c55abb7b5c4bedea

COCOAPODS: 0.33.1
